// !$*UTF8*$!
{
	archiveVersion = 1;
	classes = {
	};
	objectVersion = 56;
	objects = {

/* Begin PBXBuildFile section */
		78D4D7A12B6817640051E736 /* AppDelegate.swift in Sources */ = {isa = PBXBuildFile; fileRef = 78D4D7A02B6817640051E736 /* AppDelegate.swift */; };
		78D4D7A32B6817640051E736 /* SceneDelegate.swift in Sources */ = {isa = PBXBuildFile; fileRef = 78D4D7A22B6817640051E736 /* SceneDelegate.swift */; };
		78D4D7A82B6817640051E736 /* Main.storyboard in Resources */ = {isa = PBXBuildFile; fileRef = 78D4D7A62B6817640051E736 /* Main.storyboard */; };
		78D4D7AA2B6817660051E736 /* Assets.xcassets in Resources */ = {isa = PBXBuildFile; fileRef = 78D4D7A92B6817660051E736 /* Assets.xcassets */; };
		78D4D7AD2B6817660051E736 /* LaunchScreen.storyboard in Resources */ = {isa = PBXBuildFile; fileRef = 78D4D7AB2B6817660051E736 /* LaunchScreen.storyboard */; };
		78D4D7B82B6817670051E736 /* toDoListTests.swift in Sources */ = {isa = PBXBuildFile; fileRef = 78D4D7B72B6817670051E736 /* toDoListTests.swift */; };
		78D4D7C22B6817670051E736 /* toDoListUITests.swift in Sources */ = {isa = PBXBuildFile; fileRef = 78D4D7C12B6817670051E736 /* toDoListUITests.swift */; };
		78D4D7C42B6817670051E736 /* toDoListUITestsLaunchTests.swift in Sources */ = {isa = PBXBuildFile; fileRef = 78D4D7C32B6817670051E736 /* toDoListUITestsLaunchTests.swift */; };
		78D4D7D12B68189E0051E736 /* TableTViewController.swift in Sources */ = {isa = PBXBuildFile; fileRef = 78D4D7D02B68189E0051E736 /* TableTViewController.swift */; };
		78D4D7D42B681E0E0051E736 /* CoreDataDemo.xcdatamodeld in Sources */ = {isa = PBXBuildFile; fileRef = 78D4D7D22B681E0E0051E736 /* CoreDataDemo.xcdatamodeld */; };
/* End PBXBuildFile section */

/* Begin PBXContainerItemProxy section */
		78D4D7B42B6817670051E736 /* PBXContainerItemProxy */ = {
			isa = PBXContainerItemProxy;
			containerPortal = 78D4D7952B6817640051E736 /* Project object */;
			proxyType = 1;
			remoteGlobalIDString = 78D4D79C2B6817640051E736;
			remoteInfo = toDoList;
		};
		78D4D7BE2B6817670051E736 /* PBXContainerItemProxy */ = {
			isa = PBXContainerItemProxy;
			containerPortal = 78D4D7952B6817640051E736 /* Project object */;
			proxyType = 1;
			remoteGlobalIDString = 78D4D79C2B6817640051E736;
			remoteInfo = toDoList;
		};
/* End PBXContainerItemProxy section */

/* Begin PBXFileReference section */
		78D4D79D2B6817640051E736 /* toDoList.app */ = {isa = PBXFileReference; explicitFileType = wrapper.application; includeInIndex = 0; path = toDoList.app; sourceTree = BUILT_PRODUCTS_DIR; };
		78D4D7A02B6817640051E736 /* AppDelegate.swift */ = {isa = PBXFileReference; lastKnownFileType = sourcecode.swift; path = AppDelegate.swift; sourceTree = "<group>"; };
		78D4D7A22B6817640051E736 /* SceneDelegate.swift */ = {isa = PBXFileReference; lastKnownFileType = sourcecode.swift; path = SceneDelegate.swift; sourceTree = "<group>"; };
		78D4D7A72B6817640051E736 /* Base */ = {isa = PBXFileReference; lastKnownFileType = file.storyboard; name = Base; path = Base.lproj/Main.storyboard; sourceTree = "<group>"; };
		78D4D7A92B6817660051E736 /* Assets.xcassets */ = {isa = PBXFileReference; lastKnownFileType = folder.assetcatalog; path = Assets.xcassets; sourceTree = "<group>"; };
		78D4D7AC2B6817660051E736 /* Base */ = {isa = PBXFileReference; lastKnownFileType = file.storyboard; name = Base; path = Base.lproj/LaunchScreen.storyboard; sourceTree = "<group>"; };
		78D4D7AE2B6817660051E736 /* Info.plist */ = {isa = PBXFileReference; lastKnownFileType = text.plist.xml; path = Info.plist; sourceTree = "<group>"; };
		78D4D7B32B6817670051E736 /* toDoListTests.xctest */ = {isa = PBXFileReference; explicitFileType = wrapper.cfbundle; includeInIndex = 0; path = toDoListTests.xctest; sourceTree = BUILT_PRODUCTS_DIR; };
		78D4D7B72B6817670051E736 /* toDoListTests.swift */ = {isa = PBXFileReference; lastKnownFileType = sourcecode.swift; path = toDoListTests.swift; sourceTree = "<group>"; };
		78D4D7BD2B6817670051E736 /* toDoListUITests.xctest */ = {isa = PBXFileReference; explicitFileType = wrapper.cfbundle; includeInIndex = 0; path = toDoListUITests.xctest; sourceTree = BUILT_PRODUCTS_DIR; };
		78D4D7C12B6817670051E736 /* toDoListUITests.swift */ = {isa = PBXFileReference; lastKnownFileType = sourcecode.swift; path = toDoListUITests.swift; sourceTree = "<group>"; };
		78D4D7C32B6817670051E736 /* toDoListUITestsLaunchTests.swift */ = {isa = PBXFileReference; lastKnownFileType = sourcecode.swift; path = toDoListUITestsLaunchTests.swift; sourceTree = "<group>"; };
		78D4D7D02B68189E0051E736 /* TableTViewController.swift */ = {isa = PBXFileReference; lastKnownFileType = sourcecode.swift; path = TableTViewController.swift; sourceTree = "<group>"; };
		78D4D7D32B681E0E0051E736 /* CoreData.xcdatamodel */ = {isa = PBXFileReference; lastKnownFileType = wrapper.xcdatamodel; path = CoreData.xcdatamodel; sourceTree = "<group>"; };
/* End PBXFileReference section */

/* Begin PBXFrameworksBuildPhase section */
		78D4D79A2B6817640051E736 /* Frameworks */ = {
			isa = PBXFrameworksBuildPhase;
			buildActionMask = 2147483647;
			files = (
			);
			runOnlyForDeploymentPostprocessing = 0;
		};
		78D4D7B02B6817670051E736 /* Frameworks */ = {
			isa = PBXFrameworksBuildPhase;
			buildActionMask = 2147483647;
			files = (
			);
			runOnlyForDeploymentPostprocessing = 0;
		};
		78D4D7BA2B6817670051E736 /* Frameworks */ = {
			isa = PBXFrameworksBuildPhase;
			buildActionMask = 2147483647;
			files = (
			);
			runOnlyForDeploymentPostprocessing = 0;
		};
/* End PBXFrameworksBuildPhase section */

/* Begin PBXGroup section */
		78D4D7942B6817640051E736 = {
			isa = PBXGroup;
			children = (
				78D4D79F2B6817640051E736 /* toDoList */,
				78D4D7B62B6817670051E736 /* toDoListTests */,
				78D4D7C02B6817670051E736 /* toDoListUITests */,
				78D4D79E2B6817640051E736 /* Products */,
			);
			sourceTree = "<group>";
		};
		78D4D79E2B6817640051E736 /* Products */ = {
			isa = PBXGroup;
			children = (
				78D4D79D2B6817640051E736 /* toDoList.app */,
				78D4D7B32B6817670051E736 /* toDoListTests.xctest */,
				78D4D7BD2B6817670051E736 /* toDoListUITests.xctest */,
			);
			name = Products;
			sourceTree = "<group>";
		};
		78D4D79F2B6817640051E736 /* toDoList */ = {
			isa = PBXGroup;
			children = (
				78D4D7A02B6817640051E736 /* AppDelegate.swift */,
				78D4D7A22B6817640051E736 /* SceneDelegate.swift */,
				78D4D7A62B6817640051E736 /* Main.storyboard */,
				78D4D7D02B68189E0051E736 /* TableTViewController.swift */,
				78D4D7D22B681E0E0051E736 /* CoreDataDemo.xcdatamodeld */,
				78D4D7A92B6817660051E736 /* Assets.xcassets */,
				78D4D7AB2B6817660051E736 /* LaunchScreen.storyboard */,
				78D4D7AE2B6817660051E736 /* Info.plist */,
			);
			path = toDoList;
			sourceTree = "<group>";
		};
		78D4D7B62B6817670051E736 /* toDoListTests */ = {
			isa = PBXGroup;
			children = (
				78D4D7B72B6817670051E736 /* toDoListTests.swift */,
			);
			path = toDoListTests;
			sourceTree = "<group>";
		};
		78D4D7C02B6817670051E736 /* toDoListUITests */ = {
			isa = PBXGroup;
			children = (
				78D4D7C12B6817670051E736 /* toDoListUITests.swift */,
				78D4D7C32B6817670051E736 /* toDoListUITestsLaunchTests.swift */,
			);
			path = toDoListUITests;
			sourceTree = "<group>";
		};
/* End PBXGroup section */

/* Begin PBXNativeTarget section */
		78D4D79C2B6817640051E736 /* toDoList */ = {
			isa = PBXNativeTarget;
			buildConfigurationList = 78D4D7C72B6817670051E736 /* Build configuration list for PBXNativeTarget "toDoList" */;
			buildPhases = (
				78D4D7992B6817640051E736 /* Sources */,
				78D4D79A2B6817640051E736 /* Frameworks */,
				78D4D79B2B6817640051E736 /* Resources */,
			);
			buildRules = (
			);
			dependencies = (
			);
			name = toDoList;
			productName = toDoList;
			productReference = 78D4D79D2B6817640051E736 /* toDoList.app */;
			productType = "com.apple.product-type.application";
		};
		78D4D7B22B6817670051E736 /* toDoListTests */ = {
			isa = PBXNativeTarget;
			buildConfigurationList = 78D4D7CA2B6817670051E736 /* Build configuration list for PBXNativeTarget "toDoListTests" */;
			buildPhases = (
				78D4D7AF2B6817670051E736 /* Sources */,
				78D4D7B02B6817670051E736 /* Frameworks */,
				78D4D7B12B6817670051E736 /* Resources */,
			);
			buildRules = (
			);
			dependencies = (
				78D4D7B52B6817670051E736 /* PBXTargetDependency */,
			);
			name = toDoListTests;
			productName = toDoListTests;
			productReference = 78D4D7B32B6817670051E736 /* toDoListTests.xctest */;
			productType = "com.apple.product-type.bundle.unit-test";
		};
		78D4D7BC2B6817670051E736 /* toDoListUITests */ = {
			isa = PBXNativeTarget;
			buildConfigurationList = 78D4D7CD2B6817670051E736 /* Build configuration list for PBXNativeTarget "toDoListUITests" */;
			buildPhases = (
				78D4D7B92B6817670051E736 /* Sources */,
				78D4D7BA2B6817670051E736 /* Frameworks */,
				78D4D7BB2B6817670051E736 /* Resources */,
			);
			buildRules = (
			);
			dependencies = (
				78D4D7BF2B6817670051E736 /* PBXTargetDependency */,
			);
			name = toDoListUITests;
			productName = toDoListUITests;
			productReference = 78D4D7BD2B6817670051E736 /* toDoListUITests.xctest */;
			productType = "com.apple.product-type.bundle.ui-testing";
		};
/* End PBXNativeTarget section */

/* Begin PBXProject section */
		78D4D7952B6817640051E736 /* Project object */ = {
			isa = PBXProject;
			attributes = {
				BuildIndependentTargetsInParallel = 1;
				LastSwiftUpdateCheck = 1520;
				LastUpgradeCheck = 1520;
				TargetAttributes = {
					78D4D79C2B6817640051E736 = {
						CreatedOnToolsVersion = 15.2;
					};
					78D4D7B22B6817670051E736 = {
						CreatedOnToolsVersion = 15.2;
						TestTargetID = 78D4D79C2B6817640051E736;
					};
					78D4D7BC2B6817670051E736 = {
						CreatedOnToolsVersion = 15.2;
						TestTargetID = 78D4D79C2B6817640051E736;
					};
				};
			};
			buildConfigurationList = 78D4D7982B6817640051E736 /* Build configuration list for PBXProject "toDoList" */;
			compatibilityVersion = "Xcode 14.0";
			developmentRegion = en;
			hasScannedForEncodings = 0;
			knownRegions = (
				en,
				Base,
			);
			mainGroup = 78D4D7942B6817640051E736;
			productRefGroup = 78D4D79E2B6817640051E736 /* Products */;
			projectDirPath = "";
			projectRoot = "";
			targets = (
				78D4D79C2B6817640051E736 /* toDoList */,
				78D4D7B22B6817670051E736 /* toDoListTests */,
				78D4D7BC2B6817670051E736 /* toDoListUITests */,
			);
		};
/* End PBXProject section */

/* Begin PBXResourcesBuildPhase section */
		78D4D79B2B6817640051E736 /* Resources */ = {
			isa = PBXResourcesBuildPhase;
			buildActionMask = 2147483647;
			files = (
				78D4D7AD2B6817660051E736 /* LaunchScreen.storyboard in Resources */,
				78D4D7AA2B6817660051E736 /* Assets.xcassets in Resources */,
				78D4D7A82B6817640051E736 /* Main.storyboard in Resources */,
			);
			runOnlyForDeploymentPostprocessing = 0;
		};
		78D4D7B12B6817670051E736 /* Resources */ = {
			isa = PBXResourcesBuildPhase;
			buildActionMask = 2147483647;
			files = (
			);
			runOnlyForDeploymentPostprocessing = 0;
		};
		78D4D7BB2B6817670051E736 /* Resources */ = {
			isa = PBXResourcesBuildPhase;
			buildActionMask = 2147483647;
			files = (
			);
			runOnlyForDeploymentPostprocessing = 0;
		};
/* End PBXResourcesBuildPhase section */

/* Begin PBXSourcesBuildPhase section */
		78D4D7992B6817640051E736 /* Sources */ = {
			isa = PBXSourcesBuildPhase;
			buildActionMask = 2147483647;
			files = (
				78D4D7D42B681E0E0051E736 /* CoreDataDemo.xcdatamodeld in Sources */,
				78D4D7D12B68189E0051E736 /* TableTViewController.swift in Sources */,
				78D4D7A12B6817640051E736 /* AppDelegate.swift in Sources */,
				78D4D7A32B6817640051E736 /* SceneDelegate.swift in Sources */,
			);
			runOnlyForDeploymentPostprocessing = 0;
		};
		78D4D7AF2B6817670051E736 /* Sources */ = {
			isa = PBXSourcesBuildPhase;
			buildActionMask = 2147483647;
			files = (
				78D4D7B82B6817670051E736 /* toDoListTests.swift in Sources */,
			);
			runOnlyForDeploymentPostprocessing = 0;
		};
		78D4D7B92B6817670051E736 /* Sources */ = {
			isa = PBXSourcesBuildPhase;
			buildActionMask = 2147483647;
			files = (
				78D4D7C42B6817670051E736 /* toDoListUITestsLaunchTests.swift in Sources */,
				78D4D7C22B6817670051E736 /* toDoListUITests.swift in Sources */,
			);
			runOnlyForDeploymentPostprocessing = 0;
		};
/* End PBXSourcesBuildPhase section */

/* Begin PBXTargetDependency section */
		78D4D7B52B6817670051E736 /* PBXTargetDependency */ = {
			isa = PBXTargetDependency;
			target = 78D4D79C2B6817640051E736 /* toDoList */;
			targetProxy = 78D4D7B42B6817670051E736 /* PBXContainerItemProxy */;
		};
		78D4D7BF2B6817670051E736 /* PBXTargetDependency */ = {
			isa = PBXTargetDependency;
			target = 78D4D79C2B6817640051E736 /* toDoList */;
			targetProxy = 78D4D7BE2B6817670051E736 /* PBXContainerItemProxy */;
		};
/* End PBXTargetDependency section */

/* Begin PBXVariantGroup section */
		78D4D7A62B6817640051E736 /* Main.storyboard */ = {
			isa = PBXVariantGroup;
			children = (
				78D4D7A72B6817640051E736 /* Base */,
			);
			name = Main.storyboard;
			sourceTree = "<group>";
		};
		78D4D7AB2B6817660051E736 /* LaunchScreen.storyboard */ = {
			isa = PBXVariantGroup;
			children = (
				78D4D7AC2B6817660051E736 /* Base */,
			);
			name = LaunchScreen.storyboard;
			sourceTree = "<group>";
		};
/* End PBXVariantGroup section */

/* Begin XCBuildConfiguration section */
		78D4D7C52B6817670051E736 /* Debug */ = {
			isa = XCBuildConfiguration;
			buildSettings = {
				ALWAYS_SEARCH_USER_PATHS = NO;
				ASSETCATALOG_COMPILER_GENERATE_SWIFT_ASSET_SYMBOL_EXTENSIONS = YES;
				CLANG_ANALYZER_NONNULL = YES;
				CLANG_ANALYZER_NUMBER_OBJECT_CONVERSION = YES_AGGRESSIVE;
				CLANG_CXX_LANGUAGE_STANDARD = "gnu++20";
				CLANG_ENABLE_MODULES = YES;
				CLANG_ENABLE_OBJC_ARC = YES;
				CLANG_ENABLE_OBJC_WEAK = YES;
				CLANG_WARN_BLOCK_CAPTURE_AUTORELEASING = YES;
				CLANG_WARN_BOOL_CONVERSION = YES;
				CLANG_WARN_COMMA = YES;
				CLANG_WARN_CONSTANT_CONVERSION = YES;
				CLANG_WARN_DEPRECATED_OBJC_IMPLEMENTATIONS = YES;
				CLANG_WARN_DIRECT_OBJC_ISA_USAGE = YES_ERROR;
				CLANG_WARN_DOCUMENTATION_COMMENTS = YES;
				CLANG_WARN_EMPTY_BODY = YES;
				CLANG_WARN_ENUM_CONVERSION = YES;
				CLANG_WARN_INFINITE_RECURSION = YES;
				CLANG_WARN_INT_CONVERSION = YES;
				CLANG_WARN_NON_LITERAL_NULL_CONVERSION = YES;
				CLANG_WARN_OBJC_IMPLICIT_RETAIN_SELF = YES;
				CLANG_WARN_OBJC_LITERAL_CONVERSION = YES;
				CLANG_WARN_OBJC_ROOT_CLASS = YES_ERROR;
				CLANG_WARN_QUOTED_INCLUDE_IN_FRAMEWORK_HEADER = YES;
				CLANG_WARN_RANGE_LOOP_ANALYSIS = YES;
				CLANG_WARN_STRICT_PROTOTYPES = YES;
				CLANG_WARN_SUSPICIOUS_MOVE = YES;
				CLANG_WARN_UNGUARDED_AVAILABILITY = YES_AGGRESSIVE;
				CLANG_WARN_UNREACHABLE_CODE = YES;
				CLANG_WARN__DUPLICATE_METHOD_MATCH = YES;
				COPY_PHASE_STRIP = NO;
				DEBUG_INFORMATION_FORMAT = dwarf;
				ENABLE_STRICT_OBJC_MSGSEND = YES;
				ENABLE_TESTABILITY = YES;
				ENABLE_USER_SCRIPT_SANDBOXING = YES;
				GCC_C_LANGUAGE_STANDARD = gnu17;
				GCC_DYNAMIC_NO_PIC = NO;
				GCC_NO_COMMON_BLOCKS = YES;
				GCC_OPTIMIZATION_LEVEL = 0;
				GCC_PREPROCESSOR_DEFINITIONS = (
					"DEBUG=1",
					"$(inherited)",
				);
				GCC_WARN_64_TO_32_BIT_CONVERSION = YES;
				GCC_WARN_ABOUT_RETURN_TYPE = YES_ERROR;
				GCC_WARN_UNDECLARED_SELECTOR = YES;
				GCC_WARN_UNINITIALIZED_AUTOS = YES_AGGRESSIVE;
				GCC_WARN_UNUSED_FUNCTION = YES;
				GCC_WARN_UNUSED_VARIABLE = YES;
				IPHONEOS_DEPLOYMENT_TARGET = 17.2;
				LOCALIZATION_PREFERS_STRING_CATALOGS = YES;
				MTL_ENABLE_DEBUG_INFO = INCLUDE_SOURCE;
				MTL_FAST_MATH = YES;
				ONLY_ACTIVE_ARCH = YES;
				SDKROOT = iphoneos;
				SWIFT_ACTIVE_COMPILATION_CONDITIONS = "DEBUG $(inherited)";
				SWIFT_OPTIMIZATION_LEVEL = "-Onone";
			};
			name = Debug;
		};
		78D4D7C62B6817670051E736 /* Release */ = {
			isa = XCBuildConfiguration;
			buildSettings = {
				ALWAYS_SEARCH_USER_PATHS = NO;
				ASSETCATALOG_COMPILER_GENERATE_SWIFT_ASSET_SYMBOL_EXTENSIONS = YES;
				CLANG_ANALYZER_NONNULL = YES;
				CLANG_ANALYZER_NUMBER_OBJECT_CONVERSION = YES_AGGRESSIVE;
				CLANG_CXX_LANGUAGE_STANDARD = "gnu++20";
				CLANG_ENABLE_MODULES = YES;
				CLANG_ENABLE_OBJC_ARC = YES;
				CLANG_ENABLE_OBJC_WEAK = YES;
				CLANG_WARN_BLOCK_CAPTURE_AUTORELEASING = YES;
				CLANG_WARN_BOOL_CONVERSION = YES;
				CLANG_WARN_COMMA = YES;
				CLANG_WARN_CONSTANT_CONVERSION = YES;
				CLANG_WARN_DEPRECATED_OBJC_IMPLEMENTATIONS = YES;
				CLANG_WARN_DIRECT_OBJC_ISA_USAGE = YES_ERROR;
				CLANG_WARN_DOCUMENTATION_COMMENTS = YES;
				CLANG_WARN_EMPTY_BODY = YES;
				CLANG_WARN_ENUM_CONVERSION = YES;
				CLANG_WARN_INFINITE_RECURSION = YES;
				CLANG_WARN_INT_CONVERSION = YES;
				CLANG_WARN_NON_LITERAL_NULL_CONVERSION = YES;
				CLANG_WARN_OBJC_IMPLICIT_RETAIN_SELF = YES;
				CLANG_WARN_OBJC_LITERAL_CONVERSION = YES;
				CLANG_WARN_OBJC_ROOT_CLASS = YES_ERROR;
				CLANG_WARN_QUOTED_INCLUDE_IN_FRAMEWORK_HEADER = YES;
				CLANG_WARN_RANGE_LOOP_ANALYSIS = YES;
				CLANG_WARN_STRICT_PROTOTYPES = YES;
				CLANG_WARN_SUSPICIOUS_MOVE = YES;
				CLANG_WARN_UNGUARDED_AVAILABILITY = YES_AGGRESSIVE;
				CLANG_WARN_UNREACHABLE_CODE = YES;
				CLANG_WARN__DUPLICATE_METHOD_MATCH = YES;
				COPY_PHASE_STRIP = NO;
				DEBUG_INFORMATION_FORMAT = "dwarf-with-dsym";
				ENABLE_NS_ASSERTIONS = NO;
				ENABLE_STRICT_OBJC_MSGSEND = YES;
				ENABLE_USER_SCRIPT_SANDBOXING = YES;
				GCC_C_LANGUAGE_STANDARD = gnu17;
				GCC_NO_COMMON_BLOCKS = YES;
				GCC_WARN_64_TO_32_BIT_CONVERSION = YES;
				GCC_WARN_ABOUT_RETURN_TYPE = YES_ERROR;
				GCC_WARN_UNDECLARED_SELECTOR = YES;
				GCC_WARN_UNINITIALIZED_AUTOS = YES_AGGRESSIVE;
				GCC_WARN_UNUSED_FUNCTION = YES;
				GCC_WARN_UNUSED_VARIABLE = YES;
				IPHONEOS_DEPLOYMENT_TARGET = 17.2;
				LOCALIZATION_PREFERS_STRING_CATALOGS = YES;
				MTL_ENABLE_DEBUG_INFO = NO;
				MTL_FAST_MATH = YES;
				SDKROOT = iphoneos;
				SWIFT_COMPILATION_MODE = wholemodule;
				VALIDATE_PRODUCT = YES;
			};
			name = Release;
		};
		78D4D7C82B6817670051E736 /* Debug */ = {
			isa = XCBuildConfiguration;
			buildSettings = {
				ASSETCATALOG_COMPILER_APPICON_NAME = AppIcon;
				ASSETCATALOG_COMPILER_GLOBAL_ACCENT_COLOR_NAME = AccentColor;
				CODE_SIGN_STYLE = Automatic;
				CURRENT_PROJECT_VERSION = 1;
				DEVELOPMENT_TEAM = XPSQ4GWTS4;
				GENERATE_INFOPLIST_FILE = YES;
				INFOPLIST_FILE = toDoList/Info.plist;
				INFOPLIST_KEY_UIApplicationSupportsIndirectInputEvents = YES;
				INFOPLIST_KEY_UILaunchStoryboardName = LaunchScreen;
				INFOPLIST_KEY_UIMainStoryboardFile = Main;
				INFOPLIST_KEY_UISupportedInterfaceOrientations_iPad = "UIInterfaceOrientationPortrait UIInterfaceOrientationPortraitUpsideDown UIInterfaceOrientationLandscapeLeft UIInterfaceOrientationLandscapeRight";
				INFOPLIST_KEY_UISupportedInterfaceOrientations_iPhone = "UIInterfaceOrientationPortrait UIInterfaceOrientationLandscapeLeft UIInterfaceOrientationLandscapeRight";
				LD_RUNPATH_SEARCH_PATHS = (
					"$(inherited)",
					"@executable_path/Frameworks",
				);
				MARKETING_VERSION = 1.0;
				PRODUCT_BUNDLE_IDENTIFIER = bus1ay.toDoList;
				PRODUCT_NAME = "$(TARGET_NAME)";
				SWIFT_EMIT_LOC_STRINGS = YES;
				SWIFT_VERSION = 5.0;
				TARGETED_DEVICE_FAMILY = "1,2";
			};
			name = Debug;
		};
		78D4D7C92B6817670051E736 /* Release */ = {
			isa = XCBuildConfiguration;
			buildSettings = {
				ASSETCATALOG_COMPILER_APPICON_NAME = AppIcon;
				ASSETCATALOG_COMPILER_GLOBAL_ACCENT_COLOR_NAME = AccentColor;
				CODE_SIGN_STYLE = Automatic;
				CURRENT_PROJECT_VERSION = 1;
				DEVELOPMENT_TEAM = XPSQ4GWTS4;
				GENERATE_INFOPLIST_FILE = YES;
				INFOPLIST_FILE = toDoList/Info.plist;
				INFOPLIST_KEY_UIApplicationSupportsIndirectInputEvents = YES;
				INFOPLIST_KEY_UILaunchStoryboardName = LaunchScreen;
				INFOPLIST_KEY_UIMainStoryboardFile = Main;
				INFOPLIST_KEY_UISupportedInterfaceOrientations_iPad = "UIInterfaceOrientationPortrait UIInterfaceOrientationPortraitUpsideDown UIInterfaceOrientationLandscapeLeft UIInterfaceOrientationLandscapeRight";
				INFOPLIST_KEY_UISupportedInterfaceOrientations_iPhone = "UIInterfaceOrientationPortrait UIInterfaceOrientationLandscapeLeft UIInterfaceOrientationLandscapeRight";
				LD_RUNPATH_SEARCH_PATHS = (
					"$(inherited)",
					"@executable_path/Frameworks",
				);
				MARKETING_VERSION = 1.0;
				PRODUCT_BUNDLE_IDENTIFIER = bus1ay.toDoList;
				PRODUCT_NAME = "$(TARGET_NAME)";
				SWIFT_EMIT_LOC_STRINGS = YES;
				SWIFT_VERSION = 5.0;
				TARGETED_DEVICE_FAMILY = "1,2";
			};
			name = Release;
		};
		78D4D7CB2B6817670051E736 /* Debug */ = {
			isa = XCBuildConfiguration;
			buildSettings = {
				ALWAYS_EMBED_SWIFT_STANDARD_LIBRARIES = YES;
				BUNDLE_LOADER = "$(TEST_HOST)";
				CODE_SIGN_STYLE = Automatic;
				CURRENT_PROJECT_VERSION = 1;
				DEVELOPMENT_TEAM = XPSQ4GWTS4;
				GENERATE_INFOPLIST_FILE = YES;
				IPHONEOS_DEPLOYMENT_TARGET = 17.2;
				MARKETING_VERSION = 1.0;
				PRODUCT_BUNDLE_IDENTIFIER = bus1ay.toDoListTests;
				PRODUCT_NAME = "$(TARGET_NAME)";
				SWIFT_EMIT_LOC_STRINGS = NO;
				SWIFT_VERSION = 5.0;
				TARGETED_DEVICE_FAMILY = "1,2";
				TEST_HOST = "$(BUILT_PRODUCTS_DIR)/toDoList.app/$(BUNDLE_EXECUTABLE_FOLDER_PATH)/toDoList";
			};
			name = Debug;
		};
		78D4D7CC2B6817670051E736 /* Release */ = {
			isa = XCBuildConfiguration;
			buildSettings = {
				ALWAYS_EMBED_SWIFT_STANDARD_LIBRARIES = YES;
				BUNDLE_LOADER = "$(TEST_HOST)";
				CODE_SIGN_STYLE = Automatic;
				CURRENT_PROJECT_VERSION = 1;
				DEVELOPMENT_TEAM = XPSQ4GWTS4;
				GENERATE_INFOPLIST_FILE = YES;
				IPHONEOS_DEPLOYMENT_TARGET = 17.2;
				MARKETING_VERSION = 1.0;
				PRODUCT_BUNDLE_IDENTIFIER = bus1ay.toDoListTests;
				PRODUCT_NAME = "$(TARGET_NAME)";
				SWIFT_EMIT_LOC_STRINGS = NO;
				SWIFT_VERSION = 5.0;
				TARGETED_DEVICE_FAMILY = "1,2";
				TEST_HOST = "$(BUILT_PRODUCTS_DIR)/toDoList.app/$(BUNDLE_EXECUTABLE_FOLDER_PATH)/toDoList";
			};
			name = Release;
		};
		78D4D7CE2B6817670051E736 /* Debug */ = {
			isa = XCBuildConfiguration;
			buildSettings = {
				ALWAYS_EMBED_SWIFT_STANDARD_LIBRARIES = YES;
				CODE_SIGN_STYLE = Automatic;
				CURRENT_PROJECT_VERSION = 1;
				DEVELOPMENT_TEAM = XPSQ4GWTS4;
				GENERATE_INFOPLIST_FILE = YES;
				MARKETING_VERSION = 1.0;
				PRODUCT_BUNDLE_IDENTIFIER = bus1ay.toDoListUITests;
				PRODUCT_NAME = "$(TARGET_NAME)";
				SWIFT_EMIT_LOC_STRINGS = NO;
				SWIFT_VERSION = 5.0;
				TARGETED_DEVICE_FAMILY = "1,2";
				TEST_TARGET_NAME = toDoList;
			};
			name = Debug;
		};
		78D4D7CF2B6817670051E736 /* Release */ = {
			isa = XCBuildConfiguration;
			buildSettings = {
				ALWAYS_EMBED_SWIFT_STANDARD_LIBRARIES = YES;
				CODE_SIGN_STYLE = Automatic;
				CURRENT_PROJECT_VERSION = 1;
				DEVELOPMENT_TEAM = XPSQ4GWTS4;
				GENERATE_INFOPLIST_FILE = YES;
				MARKETING_VERSION = 1.0;
				PRODUCT_BUNDLE_IDENTIFIER = bus1ay.toDoListUITests;
				PRODUCT_NAME = "$(TARGET_NAME)";
				SWIFT_EMIT_LOC_STRINGS = NO;
				SWIFT_VERSION = 5.0;
				TARGETED_DEVICE_FAMILY = "1,2";
				TEST_TARGET_NAME = toDoList;
			};
			name = Release;
		};
/* End XCBuildConfiguration section */

/* Begin XCConfigurationList section */
		78D4D7982B6817640051E736 /* Build configuration list for PBXProject "toDoList" */ = {
			isa = XCConfigurationList;
			buildConfigurations = (
				78D4D7C52B6817670051E736 /* Debug */,
				78D4D7C62B6817670051E736 /* Release */,
			);
			defaultConfigurationIsVisible = 0;
			defaultConfigurationName = Release;
		};
		78D4D7C72B6817670051E736 /* Build configuration list for PBXNativeTarget "toDoList" */ = {
			isa = XCConfigurationList;
			buildConfigurations = (
				78D4D7C82B6817670051E736 /* Debug */,
				78D4D7C92B6817670051E736 /* Release */,
			);
			defaultConfigurationIsVisible = 0;
			defaultConfigurationName = Release;
		};
		78D4D7CA2B6817670051E736 /* Build configuration list for PBXNativeTarget "toDoListTests" */ = {
			isa = XCConfigurationList;
			buildConfigurations = (
				78D4D7CB2B6817670051E736 /* Debug */,
				78D4D7CC2B6817670051E736 /* Release */,
			);
			defaultConfigurationIsVisible = 0;
			defaultConfigurationName = Release;
		};
		78D4D7CD2B6817670051E736 /* Build configuration list for PBXNativeTarget "toDoListUITests" */ = {
			isa = XCConfigurationList;
			buildConfigurations = (
				78D4D7CE2B6817670051E736 /* Debug */,
				78D4D7CF2B6817670051E736 /* Release */,
			);
			defaultConfigurationIsVisible = 0;
			defaultConfigurationName = Release;
		};
/* End XCConfigurationList section */

/* Begin XCVersionGroup section */
		78D4D7D22B681E0E0051E736 /* CoreDataDemo.xcdatamodeld */ = {
			isa = XCVersionGroup;
			children = (
				78D4D7D32B681E0E0051E736 /* CoreData.xcdatamodel */,
			);
			currentVersion = 78D4D7D32B681E0E0051E736 /* CoreData.xcdatamodel */;
			path = CoreDataDemo.xcdatamodeld;
			sourceTree = "<group>";
			versionGroupType = wrapper.xcdatamodel;
		};
/* End XCVersionGroup section */
	};
	rootObject = 78D4D7952B6817640051E736 /* Project object */;
}
